PODS:
  - CTMediator (25)
  - FankExtension (0.0.3)
  - FankMine (0.0.18):
    - CTMediator
    - FankExtension
    - FankMine/Extension (= 0.0.18)
    - FankMine/Mine (= 0.0.18)
  - FankMine/Extension (0.0.18):
    - CTMediator
    - FankExtension
    - Kingfisher (~> 4.8.1)
  - FankMine/Mine (0.0.18):
    - CTMediator
    - FankExtension
    - SwiftyJSON
  - Kingfisher (4.8.1)
  - SwiftyJSON (4.2.0)

DEPENDENCIES:
  - CTMediator
  - FankExtension
  - FankMine (= 0.0.18)

SPEC REPOS:
  https://github.com/cocoapods/specs.git:
    - CTMediator
    - FankExtension
    - FankMine
    - Kingfisher
    - SwiftyJSON

SPEC CHECKSUMS:
  CTMediator: 830c1fc204b3a6abf2a059510c7380f56343da0f
  FankExtension: 4f591484ace1ab4542b78228dce7db3c3f5319eb
  FankMine: d1c745f7b615c9b299fb0d3e46e317ca47299aed
  Kingfisher: 868c1149679a7ab6869be118faa9b5aed154aaf0
  SwiftyJSON: c4bcba26dd9ec7a027fc8eade48e2c911f229e96

PODFILE CHECKSUM: fa4a13bb803cb3cfea15f8f6a786cd5ab2f57dbe

COCOAPODS: 1.5.3
