// !$*UTF8*$!
{
	archiveVersion = 1;
	classes = {
	};
	objectVersion = 50;
	objects = {

/* Begin PBXBuildFile section */
		34391C6F222F6FB6003AB17C /* AppDelegate.swift in Sources */ = {isa = PBXBuildFile; fileRef = 34391C6E222F6FB6003AB17C /* AppDelegate.swift */; };
		34391C71222F6FB6003AB17C /* ViewController.swift in Sources */ = {isa = PBXBuildFile; fileRef = 34391C70222F6FB6003AB17C /* ViewController.swift */; };
		34391C74222F6FB6003AB17C /* Main.storyboard in Resources */ = {isa = PBXBuildFile; fileRef = 34391C72222F6FB6003AB17C /* Main.storyboard */; };
		34391C76222F6FB7003AB17C /* Assets.xcassets in Resources */ = {isa = PBXBuildFile; fileRef = 34391C75222F6FB7003AB17C /* Assets.xcassets */; };
		34391C79222F6FB7003AB17C /* LaunchScreen.storyboard in Resources */ = {isa = PBXBuildFile; fileRef = 34391C77222F6FB7003AB17C /* LaunchScreen.storyboard */; };
		34AB904B22344AAC00B5B368 /* NetworkViewController.swift in Sources */ = {isa = PBXBuildFile; fileRef = 34AB904A22344AAC00B5B368 /* NetworkViewController.swift */; };
/* End PBXBuildFile section */

/* Begin PBXFileReference section */
		34391C6B222F6FB6003AB17C /* FankNetwork.app */ = {isa = PBXFileReference; explicitFileType = wrapper.application; includeInIndex = 0; path = FankNetwork.app; sourceTree = BUILT_PRODUCTS_DIR; };
		34391C6E222F6FB6003AB17C /* AppDelegate.swift */ = {isa = PBXFileReference; lastKnownFileType = sourcecode.swift; path = AppDelegate.swift; sourceTree = "<group>"; };
		34391C70222F6FB6003AB17C /* ViewController.swift */ = {isa = PBXFileReference; lastKnownFileType = sourcecode.swift; path = ViewController.swift; sourceTree = "<group>"; };
		34391C73222F6FB6003AB17C /* Base */ = {isa = PBXFileReference; lastKnownFileType = file.storyboard; name = Base; path = Base.lproj/Main.storyboard; sourceTree = "<group>"; };
		34391C75222F6FB7003AB17C /* Assets.xcassets */ = {isa = PBXFileReference; lastKnownFileType = folder.assetcatalog; path = Assets.xcassets; sourceTree = "<group>"; };
		34391C78222F6FB7003AB17C /* Base */ = {isa = PBXFileReference; lastKnownFileType = file.storyboard; name = Base; path = Base.lproj/LaunchScreen.storyboard; sourceTree = "<group>"; };
		34391C7A222F6FB7003AB17C /* Info.plist */ = {isa = PBXFileReference; lastKnownFileType = text.plist.xml; path = Info.plist; sourceTree = "<group>"; };
		34AB904A22344AAC00B5B368 /* NetworkViewController.swift */ = {isa = PBXFileReference; lastKnownFileType = sourcecode.swift; path = NetworkViewController.swift; sourceTree = "<group>"; };
/* End PBXFileReference section */

/* Begin PBXFrameworksBuildPhase section */
		34391C68222F6FB6003AB17C /* Frameworks */ = {
			isa = PBXFrameworksBuildPhase;
			buildActionMask = 2147483647;
			files = (
			);
			runOnlyForDeploymentPostprocessing = 0;
		};
/* End PBXFrameworksBuildPhase section */

/* Begin PBXGroup section */
		34391C62222F6FB6003AB17C = {
			isa = PBXGroup;
			children = (
				34391C6D222F6FB6003AB17C /* FankNetwork */,
				34391C6C222F6FB6003AB17C /* Products */,
			);
			sourceTree = "<group>";
		};
		34391C6C222F6FB6003AB17C /* Products */ = {
			isa = PBXGroup;
			children = (
				34391C6B222F6FB6003AB17C /* FankNetwork.app */,
			);
			name = Products;
			sourceTree = "<group>";
		};
		34391C6D222F6FB6003AB17C /* FankNetwork */ = {
			isa = PBXGroup;
			children = (
				34391C6E222F6FB6003AB17C /* AppDelegate.swift */,
				34391C70222F6FB6003AB17C /* ViewController.swift */,
				34391C72222F6FB6003AB17C /* Main.storyboard */,
				34391C75222F6FB7003AB17C /* Assets.xcassets */,
				34391C77222F6FB7003AB17C /* LaunchScreen.storyboard */,
				34391C7A222F6FB7003AB17C /* Info.plist */,
				34AB904A22344AAC00B5B368 /* NetworkViewController.swift */,
			);
			path = FankNetwork;
			sourceTree = "<group>";
		};
/* End PBXGroup section */

/* Begin PBXNativeTarget section */
		34391C6A222F6FB6003AB17C /* FankNetwork */ = {
			isa = PBXNativeTarget;
			buildConfigurationList = 34391C7D222F6FB7003AB17C /* Build configuration list for PBXNativeTarget "FankNetwork" */;
			buildPhases = (
				34391C67222F6FB6003AB17C /* Sources */,
				34391C68222F6FB6003AB17C /* Frameworks */,
				34391C69222F6FB6003AB17C /* Resources */,
			);
			buildRules = (
			);
			dependencies = (
			);
			name = FankNetwork;
			productName = FankNetwork;
			productReference = 34391C6B222F6FB6003AB17C /* FankNetwork.app */;
			productType = "com.apple.product-type.application";
		};
/* End PBXNativeTarget section */

/* Begin PBXProject section */
		34391C63222F6FB6003AB17C /* Project object */ = {
			isa = PBXProject;
			attributes = {
				LastSwiftUpdateCheck = 0940;
				LastUpgradeCheck = 0940;
				ORGANIZATIONNAME = fank;
				TargetAttributes = {
					34391C6A222F6FB6003AB17C = {
						CreatedOnToolsVersion = 9.4;
					};
				};
			};
			buildConfigurationList = 34391C66222F6FB6003AB17C /* Build configuration list for PBXProject "FankNetwork" */;
			compatibilityVersion = "Xcode 9.3";
			developmentRegion = en;
			hasScannedForEncodings = 0;
			knownRegions = (
				en,
				Base,
			);
			mainGroup = 34391C62222F6FB6003AB17C;
			productRefGroup = 34391C6C222F6FB6003AB17C /* Products */;
			projectDirPath = "";
			projectRoot = "";
			targets = (
				34391C6A222F6FB6003AB17C /* FankNetwork */,
			);
		};
/* End PBXProject section */

/* Begin PBXResourcesBuildPhase section */
		34391C69222F6FB6003AB17C /* Resources */ = {
			isa = PBXResourcesBuildPhase;
			buildActionMask = 2147483647;
			files = (
				34391C79222F6FB7003AB17C /* LaunchScreen.storyboard in Resources */,
				34391C76222F6FB7003AB17C /* Assets.xcassets in Resources */,
				34391C74222F6FB6003AB17C /* Main.storyboard in Resources */,
			);
			runOnlyForDeploymentPostprocessing = 0;
		};
/* End PBXResourcesBuildPhase section */

/* Begin PBXSourcesBuildPhase section */
		34391C67222F6FB6003AB17C /* Sources */ = {
			isa = PBXSourcesBuildPhase;
			buildActionMask = 2147483647;
			files = (
				34391C71222F6FB6003AB17C /* ViewController.swift in Sources */,
				34AB904B22344AAC00B5B368 /* NetworkViewController.swift in Sources */,
				34391C6F222F6FB6003AB17C /* AppDelegate.swift in Sources */,
			);
			runOnlyForDeploymentPostprocessing = 0;
		};
/* End PBXSourcesBuildPhase section */

/* Begin PBXVariantGroup section */
		34391C72222F6FB6003AB17C /* Main.storyboard */ = {
			isa = PBXVariantGroup;
			children = (
				34391C73222F6FB6003AB17C /* Base */,
			);
			name = Main.storyboard;
			sourceTree = "<group>";
		};
		34391C77222F6FB7003AB17C /* LaunchScreen.storyboard */ = {
			isa = PBXVariantGroup;
			children = (
				34391C78222F6FB7003AB17C /* Base */,
			);
			name = LaunchScreen.storyboard;
			sourceTree = "<group>";
		};
/* End PBXVariantGroup section */

/* Begin XCBuildConfiguration section */
		34391C7B222F6FB7003AB17C /* Debug */ = {
			isa = XCBuildConfiguration;
			buildSettings = {
				ALWAYS_SEARCH_USER_PATHS = NO;
				CLANG_ANALYZER_NONNULL = YES;
				CLANG_ANALYZER_NUMBER_OBJECT_CONVERSION = YES_AGGRESSIVE;
				CLANG_CXX_LANGUAGE_STANDARD = "gnu++14";
				CLANG_CXX_LIBRARY = "libc++";
				CLANG_ENABLE_MODULES = YES;
				CLANG_ENABLE_OBJC_ARC = YES;
				CLANG_ENABLE_OBJC_WEAK = YES;
				CLANG_WARN_BLOCK_CAPTURE_AUTORELEASING = YES;
				CLANG_WARN_BOOL_CONVERSION = YES;
				CLANG_WARN_COMMA = YES;
				CLANG_WARN_CONSTANT_CONVERSION = YES;
				CLANG_WARN_DEPRECATED_OBJC_IMPLEMENTATIONS = YES;
				CLANG_WARN_DIRECT_OBJC_ISA_USAGE = YES_ERROR;
				CLANG_WARN_DOCUMENTATION_COMMENTS = YES;
				CLANG_WARN_EMPTY_BODY = YES;
				CLANG_WARN_ENUM_CONVERSION = YES;
				CLANG_WARN_INFINITE_RECURSION = YES;
				CLANG_WARN_INT_CONVERSION = YES;
				CLANG_WARN_NON_LITERAL_NULL_CONVERSION = YES;
				CLANG_WARN_OBJC_IMPLICIT_RETAIN_SELF = YES;
				CLANG_WARN_OBJC_LITERAL_CONVERSION = YES;
				CLANG_WARN_OBJC_ROOT_CLASS = YES_ERROR;
				CLANG_WARN_RANGE_LOOP_ANALYSIS = YES;
				CLANG_WARN_STRICT_PROTOTYPES = YES;
				CLANG_WARN_SUSPICIOUS_MOVE = YES;
				CLANG_WARN_UNGUARDED_AVAILABILITY = YES_AGGRESSIVE;
				CLANG_WARN_UNREACHABLE_CODE = YES;
				CLANG_WARN__DUPLICATE_METHOD_MATCH = YES;
				CODE_SIGN_IDENTITY = "iPhone Developer";
				COPY_PHASE_STRIP = NO;
				DEBUG_INFORMATION_FORMAT = dwarf;
				ENABLE_STRICT_OBJC_MSGSEND = YES;
				ENABLE_TESTABILITY = YES;
				GCC_C_LANGUAGE_STANDARD = gnu11;
				GCC_DYNAMIC_NO_PIC = NO;
				GCC_NO_COMMON_BLOCKS = YES;
				GCC_OPTIMIZATION_LEVEL = 0;
				GCC_PREPROCESSOR_DEFINITIONS = (
					"DEBUG=1",
					"$(inherited)",
				);
				GCC_WARN_64_TO_32_BIT_CONVERSION = YES;
				GCC_WARN_ABOUT_RETURN_TYPE = YES_ERROR;
				GCC_WARN_UNDECLARED_SELECTOR = YES;
				GCC_WARN_UNINITIALIZED_AUTOS = YES_AGGRESSIVE;
				GCC_WARN_UNUSED_FUNCTION = YES;
				GCC_WARN_UNUSED_VARIABLE = YES;
				IPHONEOS_DEPLOYMENT_TARGET = 11.4;
				MTL_ENABLE_DEBUG_INFO = YES;
				ONLY_ACTIVE_ARCH = YES;
				SDKROOT = iphoneos;
				SWIFT_ACTIVE_COMPILATION_CONDITIONS = DEBUG;
				SWIFT_OPTIMIZATION_LEVEL = "-Onone";
			};
			name = Debug;
		};
		34391C7C222F6FB7003AB17C /* Release */ = {
			isa = XCBuildConfiguration;
			buildSettings = {
				ALWAYS_SEARCH_USER_PATHS = NO;
				CLANG_ANALYZER_NONNULL = YES;
				CLANG_ANALYZER_NUMBER_OBJECT_CONVERSION = YES_AGGRESSIVE;
				CLANG_CXX_LANGUAGE_STANDARD = "gnu++14";
				CLANG_CXX_LIBRARY = "libc++";
				CLANG_ENABLE_MODULES = YES;
				CLANG_ENABLE_OBJC_ARC = YES;
				CLANG_ENABLE_OBJC_WEAK = YES;
				CLANG_WARN_BLOCK_CAPTURE_AUTORELEASING = YES;
				CLANG_WARN_BOOL_CONVERSION = YES;
				CLANG_WARN_COMMA = YES;
				CLANG_WARN_CONSTANT_CONVERSION = YES;
				CLANG_WARN_DEPRECATED_OBJC_IMPLEMENTATIONS = YES;
				CLANG_WARN_DIRECT_OBJC_ISA_USAGE = YES_ERROR;
				CLANG_WARN_DOCUMENTATION_COMMENTS = YES;
				CLANG_WARN_EMPTY_BODY = YES;
				CLANG_WARN_ENUM_CONVERSION = YES;
				CLANG_WARN_INFINITE_RECURSION = YES;
				CLANG_WARN_INT_CONVERSION = YES;
				CLANG_WARN_NON_LITERAL_NULL_CONVERSION = YES;
				CLANG_WARN_OBJC_IMPLICIT_RETAIN_SELF = YES;
				CLANG_WARN_OBJC_LITERAL_CONVERSION = YES;
				CLANG_WARN_OBJC_ROOT_CLASS = YES_ERROR;
				CLANG_WARN_RANGE_LOOP_ANALYSIS = YES;
				CLANG_WARN_STRICT_PROTOTYPES = YES;
				CLANG_WARN_SUSPICIOUS_MOVE = YES;
				CLANG_WARN_UNGUARDED_AVAILABILITY = YES_AGGRESSIVE;
				CLANG_WARN_UNREACHABLE_CODE = YES;
				CLANG_WARN__DUPLICATE_METHOD_MATCH = YES;
				CODE_SIGN_IDENTITY = "iPhone Developer";
				COPY_PHASE_STRIP = NO;
				DEBUG_INFORMATION_FORMAT = "dwarf-with-dsym";
				ENABLE_NS_ASSERTIONS = NO;
				ENABLE_STRICT_OBJC_MSGSEND = YES;
				GCC_C_LANGUAGE_STANDARD = gnu11;
				GCC_NO_COMMON_BLOCKS = YES;
				GCC_WARN_64_TO_32_BIT_CONVERSION = YES;
				GCC_WARN_ABOUT_RETURN_TYPE = YES_ERROR;
				GCC_WARN_UNDECLARED_SELECTOR = YES;
				GCC_WARN_UNINITIALIZED_AUTOS = YES_AGGRESSIVE;
				GCC_WARN_UNUSED_FUNCTION = YES;
				GCC_WARN_UNUSED_VARIABLE = YES;
				IPHONEOS_DEPLOYMENT_TARGET = 11.4;
				MTL_ENABLE_DEBUG_INFO = NO;
				SDKROOT = iphoneos;
				SWIFT_COMPILATION_MODE = wholemodule;
				SWIFT_OPTIMIZATION_LEVEL = "-O";
				VALIDATE_PRODUCT = YES;
			};
			name = Release;
		};
		34391C7E222F6FB7003AB17C /* Debug */ = {
			isa = XCBuildConfiguration;
			buildSettings = {
				ASSETCATALOG_COMPILER_APPICON_NAME = AppIcon;
				CODE_SIGN_STYLE = Automatic;
				INFOPLIST_FILE = FankNetwork/Info.plist;
				LD_RUNPATH_SEARCH_PATHS = (
					"$(inherited)",
					"@executable_path/Frameworks",
				);
				PRODUCT_BUNDLE_IDENTIFIER = com.fank.FankNetwork;
				PRODUCT_NAME = "$(TARGET_NAME)";
				SWIFT_VERSION = 4.0;
				TARGETED_DEVICE_FAMILY = "1,2";
			};
			name = Debug;
		};
		34391C7F222F6FB7003AB17C /* Release */ = {
			isa = XCBuildConfiguration;
			buildSettings = {
				ASSETCATALOG_COMPILER_APPICON_NAME = AppIcon;
				CODE_SIGN_STYLE = Automatic;
				INFOPLIST_FILE = FankNetwork/Info.plist;
				LD_RUNPATH_SEARCH_PATHS = (
					"$(inherited)",
					"@executable_path/Frameworks",
				);
				PRODUCT_BUNDLE_IDENTIFIER = com.fank.FankNetwork;
				PRODUCT_NAME = "$(TARGET_NAME)";
				SWIFT_VERSION = 4.0;
				TARGETED_DEVICE_FAMILY = "1,2";
			};
			name = Release;
		};
/* End XCBuildConfiguration section */

/* Begin XCConfigurationList section */
		34391C66222F6FB6003AB17C /* Build configuration list for PBXProject "FankNetwork" */ = {
			isa = XCConfigurationList;
			buildConfigurations = (
				34391C7B222F6FB7003AB17C /* Debug */,
				34391C7C222F6FB7003AB17C /* Release */,
			);
			defaultConfigurationIsVisible = 0;
			defaultConfigurationName = Release;
		};
		34391C7D222F6FB7003AB17C /* Build configuration list for PBXNativeTarget "FankNetwork" */ = {
			isa = XCConfigurationList;
			buildConfigurations = (
				34391C7E222F6FB7003AB17C /* Debug */,
				34391C7F222F6FB7003AB17C /* Release */,
			);
			defaultConfigurationIsVisible = 0;
			defaultConfigurationName = Release;
		};
/* End XCConfigurationList section */
	};
	rootObject = 34391C63222F6FB6003AB17C /* Project object */;
}
